
Microsoft Visual Studio Solution File, Format Version 12.00
# Visual Studio 15
VisualStudioVersion = 15.0.27703.2018
MinimumVisualStudioVersion = 10.0.40219.1
Project("{FAE04EC0-301F-11D3-BF4B-00C04F79EFBC}") = "SpalshScreenApp.Android", "SpalshScreenApp\SpalshScreenApp.Android\SpalshScreenApp.Android.csproj", "{5F1A7B59-F5EF-47DF-B2E8-7A512B911D4C}"
EndProject
Project("{FAE04EC0-301F-11D3-BF4B-00C04F79EFBC}") = "SpalshScreenApp.iOS", "SpalshScreenApp\SpalshScreenApp.iOS\SpalshScreenApp.iOS.csproj", "{5827EC8A-5FB0-46F2-9766-74675D9B8AFF}"
EndProject
Project("{FAE04EC0-301F-11D3-BF4B-00C04F79EFBC}") = "SpalshScreenApp", "SpalshScreenApp\SpalshScreenApp\SpalshScreenApp.csproj", "{16B77DB9-FB20-49A4-8685-ACE367C91F03}"
EndProject
Global
	GlobalSection(SolutionConfigurationPlatforms) = preSolution
		Ad-Hoc|Any CPU = Ad-Hoc|Any CPU
		Ad-Hoc|iPhone = Ad-Hoc|iPhone
		Ad-Hoc|iPhoneSimulator = Ad-Hoc|iPhoneSimulator
		AppStore|Any CPU = AppStore|Any CPU
		AppStore|iPhone = AppStore|iPhone
		AppStore|iPhoneSimulator = AppStore|iPhoneSimulator
		Debug|Any CPU = Debug|Any CPU
		Debug|iPhone = Debug|iPhone
		Debug|iPhoneSimulator = Debug|iPhoneSimulator
		Release|Any CPU = Release|Any CPU
		Release|iPhone = Release|iPhone
		Release|iPhoneSimulator = Release|iPhoneSimulator
	EndGlobalSection
	GlobalSection(ProjectConfigurationPlatforms) = postSolution
		{5F1A7B59-F5EF-47DF-B2E8-7A512B911D4C}.Ad-Hoc|Any CPU.ActiveCfg = Release|Any CPU
		{5F1A7B59-F5EF-47DF-B2E8-7A512B911D4C}.Ad-Hoc|Any CPU.Build.0 = Release|Any CPU
		{5F1A7B59-F5EF-47DF-B2E8-7A512B911D4C}.Ad-Hoc|Any CPU.Deploy.0 = Release|Any CPU
		{5F1A7B59-F5EF-47DF-B2E8-7A512B911D4C}.Ad-Hoc|iPhone.ActiveCfg = Release|Any CPU
		{5F1A7B59-F5EF-47DF-B2E8-7A512B911D4C}.Ad-Hoc|iPhone.Build.0 = Release|Any CPU
		{5F1A7B59-F5EF-47DF-B2E8-7A512B911D4C}.Ad-Hoc|iPhone.Deploy.0 = Release|Any CPU
		{5F1A7B59-F5EF-47DF-B2E8-7A512B911D4C}.Ad-Hoc|iPhoneSimulator.ActiveCfg = Release|Any CPU
		{5F1A7B59-F5EF-47DF-B2E8-7A512B911D4C}.Ad-Hoc|iPhoneSimulator.Build.0 = Release|Any CPU
		{5F1A7B59-F5EF-47DF-B2E8-7A512B911D4C}.Ad-Hoc|iPhoneSimulator.Deploy.0 = Release|Any CPU
		{5F1A7B59-F5EF-47DF-B2E8-7A512B911D4C}.AppStore|Any CPU.ActiveCfg = Release|Any CPU
		{5F1A7B59-F5EF-47DF-B2E8-7A512B911D4C}.AppStore|Any CPU.Build.0 = Release|Any CPU
		{5F1A7B59-F5EF-47DF-B2E8-7A512B911D4C}.AppStore|Any CPU.Deploy.0 = Release|Any CPU
		{5F1A7B59-F5EF-47DF-B2E8-7A512B911D4C}.AppStore|iPhone.ActiveCfg = Release|Any CPU
		{5F1A7B59-F5EF-47DF-B2E8-7A512B911D4C}.AppStore|iPhone.Build.0 = Release|Any CPU
		{5F1A7B59-F5EF-47DF-B2E8-7A512B911D4C}.AppStore|iPhone.Deploy.0 = Release|Any CPU
		{5F1A7B59-F5EF-47DF-B2E8-7A512B911D4C}.AppStore|iPhoneSimulator.ActiveCfg = Release|Any CPU
		{5F1A7B59-F5EF-47DF-B2E8-7A512B911D4C}.AppStore|iPhoneSimulator.Build.0 = Release|Any CPU
		{5F1A7B59-F5EF-47DF-B2E8-7A512B911D4C}.AppStore|iPhoneSimulator.Deploy.0 = Release|Any CPU
		{5F1A7B59-F5EF-47DF-B2E8-7A512B911D4C}.Debug|Any CPU.ActiveCfg = Debug|Any CPU
		{5F1A7B59-F5EF-47DF-B2E8-7A512B911D4C}.Debug|Any CPU.Build.0 = Debug|Any CPU
		{5F1A7B59-F5EF-47DF-B2E8-7A512B911D4C}.Debug|Any CPU.Deploy.0 = Debug|Any CPU
		{5F1A7B59-F5EF-47DF-B2E8-7A512B911D4C}.Debug|iPhone.ActiveCfg = Debug|Any CPU
		{5F1A7B59-F5EF-47DF-B2E8-7A512B911D4C}.Debug|iPhone.Build.0 = Debug|Any CPU
		{5F1A7B59-F5EF-47DF-B2E8-7A512B911D4C}.Debug|iPhone.Deploy.0 = Debug|Any CPU
		{5F1A7B59-F5EF-47DF-B2E8-7A512B911D4C}.Debug|iPhoneSimulator.ActiveCfg = Debug|Any CPU
		{5F1A7B59-F5EF-47DF-B2E8-7A512B911D4C}.Debug|iPhoneSimulator.Build.0 = Debug|Any CPU
		{5F1A7B59-F5EF-47DF-B2E8-7A512B911D4C}.Debug|iPhoneSimulator.Deploy.0 = Debug|Any CPU
		{5F1A7B59-F5EF-47DF-B2E8-7A512B911D4C}.Release|Any CPU.ActiveCfg = Release|Any CPU
		{5F1A7B59-F5EF-47DF-B2E8-7A512B911D4C}.Release|Any CPU.Build.0 = Release|Any CPU
		{5F1A7B59-F5EF-47DF-B2E8-7A512B911D4C}.Release|Any CPU.Deploy.0 = Release|Any CPU
		{5F1A7B59-F5EF-47DF-B2E8-7A512B911D4C}.Release|iPhone.ActiveCfg = Release|Any CPU
		{5F1A7B59-F5EF-47DF-B2E8-7A512B911D4C}.Release|iPhone.Build.0 = Release|Any CPU
		{5F1A7B59-F5EF-47DF-B2E8-7A512B911D4C}.Release|iPhone.Deploy.0 = Release|Any CPU
		{5F1A7B59-F5EF-47DF-B2E8-7A512B911D4C}.Release|iPhoneSimulator.ActiveCfg = Release|Any CPU
		{5F1A7B59-F5EF-47DF-B2E8-7A512B911D4C}.Release|iPhoneSimulator.Build.0 = Release|Any CPU
		{5F1A7B59-F5EF-47DF-B2E8-7A512B911D4C}.Release|iPhoneSimulator.Deploy.0 = Release|Any CPU
		{5827EC8A-5FB0-46F2-9766-74675D9B8AFF}.Ad-Hoc|Any CPU.ActiveCfg = Ad-Hoc|iPhone
		{5827EC8A-5FB0-46F2-9766-74675D9B8AFF}.Ad-Hoc|Any CPU.Build.0 = Ad-Hoc|iPhone
		{5827EC8A-5FB0-46F2-9766-74675D9B8AFF}.Ad-Hoc|Any CPU.Deploy.0 = Ad-Hoc|iPhone
		{5827EC8A-5FB0-46F2-9766-74675D9B8AFF}.Ad-Hoc|iPhone.ActiveCfg = Ad-Hoc|iPhone
		{5827EC8A-5FB0-46F2-9766-74675D9B8AFF}.Ad-Hoc|iPhone.Build.0 = Ad-Hoc|iPhone
		{5827EC8A-5FB0-46F2-9766-74675D9B8AFF}.Ad-Hoc|iPhone.Deploy.0 = Ad-Hoc|iPhone
		{5827EC8A-5FB0-46F2-9766-74675D9B8AFF}.Ad-Hoc|iPhoneSimulator.ActiveCfg = Ad-Hoc|iPhoneSimulator
		{5827EC8A-5FB0-46F2-9766-74675D9B8AFF}.Ad-Hoc|iPhoneSimulator.Build.0 = Ad-Hoc|iPhoneSimulator
		{5827EC8A-5FB0-46F2-9766-74675D9B8AFF}.Ad-Hoc|iPhoneSimulator.Deploy.0 = Ad-Hoc|iPhoneSimulator
		{5827EC8A-5FB0-46F2-9766-74675D9B8AFF}.AppStore|Any CPU.ActiveCfg = AppStore|iPhone
		{5827EC8A-5FB0-46F2-9766-74675D9B8AFF}.AppStore|Any CPU.Build.0 = AppStore|iPhone
		{5827EC8A-5FB0-46F2-9766-74675D9B8AFF}.AppStore|Any CPU.Deploy.0 = AppStore|iPhone
		{5827EC8A-5FB0-46F2-9766-74675D9B8AFF}.AppStore|iPhone.ActiveCfg = AppStore|iPhone
		{5827EC8A-5FB0-46F2-9766-74675D9B8AFF}.AppStore|iPhone.Build.0 = AppStore|iPhone
		{5827EC8A-5FB0-46F2-9766-74675D9B8AFF}.AppStore|iPhone.Deploy.0 = AppStore|iPhone
		{5827EC8A-5FB0-46F2-9766-74675D9B8AFF}.AppStore|iPhoneSimulator.ActiveCfg = AppStore|iPhoneSimulator
		{5827EC8A-5FB0-46F2-9766-74675D9B8AFF}.AppStore|iPhoneSimulator.Build.0 = AppStore|iPhoneSimulator
		{5827EC8A-5FB0-46F2-9766-74675D9B8AFF}.AppStore|iPhoneSimulator.Deploy.0 = AppStore|iPhoneSimulator
		{5827EC8A-5FB0-46F2-9766-74675D9B8AFF}.Debug|Any CPU.ActiveCfg = Debug|iPhoneSimulator
		{5827EC8A-5FB0-46F2-9766-74675D9B8AFF}.Debug|Any CPU.Build.0 = Debug|iPhoneSimulator
		{5827EC8A-5FB0-46F2-9766-74675D9B8AFF}.Debug|Any CPU.Deploy.0 = Debug|iPhoneSimulator
		{5827EC8A-5FB0-46F2-9766-74675D9B8AFF}.Debug|iPhone.ActiveCfg = Debug|iPhone
		{5827EC8A-5FB0-46F2-9766-74675D9B8AFF}.Debug|iPhone.Build.0 = Debug|iPhone
		{5827EC8A-5FB0-46F2-9766-74675D9B8AFF}.Debug|iPhone.Deploy.0 = Debug|iPhone
		{5827EC8A-5FB0-46F2-9766-74675D9B8AFF}.Debug|iPhoneSimulator.ActiveCfg = Debug|iPhoneSimulator
		{5827EC8A-5FB0-46F2-9766-74675D9B8AFF}.Debug|iPhoneSimulator.Build.0 = Debug|iPhoneSimulator
		{5827EC8A-5FB0-46F2-9766-74675D9B8AFF}.Debug|iPhoneSimulator.Deploy.0 = Debug|iPhoneSimulator
		{5827EC8A-5FB0-46F2-9766-74675D9B8AFF}.Release|Any CPU.ActiveCfg = Release|iPhone
		{5827EC8A-5FB0-46F2-9766-74675D9B8AFF}.Release|Any CPU.Build.0 = Release|iPhone
		{5827EC8A-5FB0-46F2-9766-74675D9B8AFF}.Release|Any CPU.Deploy.0 = Release|iPhone
		{5827EC8A-5FB0-46F2-9766-74675D9B8AFF}.Release|iPhone.ActiveCfg = Release|iPhone
		{5827EC8A-5FB0-46F2-9766-74675D9B8AFF}.Release|iPhone.Build.0 = Release|iPhone
		{5827EC8A-5FB0-46F2-9766-74675D9B8AFF}.Release|iPhone.Deploy.0 = Release|iPhone
		{5827EC8A-5FB0-46F2-9766-74675D9B8AFF}.Release|iPhoneSimulator.ActiveCfg = Release|iPhoneSimulator
		{5827EC8A-5FB0-46F2-9766-74675D9B8AFF}.Release|iPhoneSimulator.Build.0 = Release|iPhoneSimulator
		{5827EC8A-5FB0-46F2-9766-74675D9B8AFF}.Release|iPhoneSimulator.Deploy.0 = Release|iPhoneSimulator
		{16B77DB9-FB20-49A4-8685-ACE367C91F03}.Ad-Hoc|Any CPU.ActiveCfg = Debug|Any CPU
		{16B77DB9-FB20-49A4-8685-ACE367C91F03}.Ad-Hoc|Any CPU.Build.0 = Debug|Any CPU
		{16B77DB9-FB20-49A4-8685-ACE367C91F03}.Ad-Hoc|Any CPU.Deploy.0 = Debug|Any CPU
		{16B77DB9-FB20-49A4-8685-ACE367C91F03}.Ad-Hoc|iPhone.ActiveCfg = Debug|Any CPU
		{16B77DB9-FB20-49A4-8685-ACE367C91F03}.Ad-Hoc|iPhone.Build.0 = Debug|Any CPU
		{16B77DB9-FB20-49A4-8685-ACE367C91F03}.Ad-Hoc|iPhone.Deploy.0 = Debug|Any CPU
		{16B77DB9-FB20-49A4-8685-ACE367C91F03}.Ad-Hoc|iPhoneSimulator.ActiveCfg = Debug|Any CPU
		{16B77DB9-FB20-49A4-8685-ACE367C91F03}.Ad-Hoc|iPhoneSimulator.Build.0 = Debug|Any CPU
		{16B77DB9-FB20-49A4-8685-ACE367C91F03}.Ad-Hoc|iPhoneSimulator.Deploy.0 = Debug|Any CPU
		{16B77DB9-FB20-49A4-8685-ACE367C91F03}.AppStore|Any CPU.ActiveCfg = Debug|Any CPU
		{16B77DB9-FB20-49A4-8685-ACE367C91F03}.AppStore|Any CPU.Build.0 = Debug|Any CPU
		{16B77DB9-FB20-49A4-8685-ACE367C91F03}.AppStore|Any CPU.Deploy.0 = Debug|Any CPU
		{16B77DB9-FB20-49A4-8685-ACE367C91F03}.AppStore|iPhone.ActiveCfg = Debug|Any CPU
		{16B77DB9-FB20-49A4-8685-ACE367C91F03}.AppStore|iPhone.Build.0 = Debug|Any CPU
		{16B77DB9-FB20-49A4-8685-ACE367C91F03}.AppStore|iPhone.Deploy.0 = Debug|Any CPU
		{16B77DB9-FB20-49A4-8685-ACE367C91F03}.AppStore|iPhoneSimulator.ActiveCfg = Debug|Any CPU
		{16B77DB9-FB20-49A4-8685-ACE367C91F03}.AppStore|iPhoneSimulator.Build.0 = Debug|Any CPU
		{16B77DB9-FB20-49A4-8685-ACE367C91F03}.AppStore|iPhoneSimulator.Deploy.0 = Debug|Any CPU
		{16B77DB9-FB20-49A4-8685-ACE367C91F03}.Debug|Any CPU.ActiveCfg = Debug|Any CPU
		{16B77DB9-FB20-49A4-8685-ACE367C91F03}.Debug|Any CPU.Build.0 = Debug|Any CPU
		{16B77DB9-FB20-49A4-8685-ACE367C91F03}.Debug|Any CPU.Deploy.0 = Debug|Any CPU
		{16B77DB9-FB20-49A4-8685-ACE367C91F03}.Debug|iPhone.ActiveCfg = Debug|Any CPU
		{16B77DB9-FB20-49A4-8685-ACE367C91F03}.Debug|iPhone.Build.0 = Debug|Any CPU
		{16B77DB9-FB20-49A4-8685-ACE367C91F03}.Debug|iPhone.Deploy.0 = Debug|Any CPU
		{16B77DB9-FB20-49A4-8685-ACE367C91F03}.Debug|iPhoneSimulator.ActiveCfg = Debug|Any CPU
		{16B77DB9-FB20-49A4-8685-ACE367C91F03}.Debug|iPhoneSimulator.Build.0 = Debug|Any CPU
		{16B77DB9-FB20-49A4-8685-ACE367C91F03}.Debug|iPhoneSimulator.Deploy.0 = Debug|Any CPU
		{16B77DB9-FB20-49A4-8685-ACE367C91F03}.Release|Any CPU.ActiveCfg = Release|Any CPU
		{16B77DB9-FB20-49A4-8685-ACE367C91F03}.Release|Any CPU.Build.0 = Release|Any CPU
		{16B77DB9-FB20-49A4-8685-ACE367C91F03}.Release|Any CPU.Deploy.0 = Release|Any CPU
		{16B77DB9-FB20-49A4-8685-ACE367C91F03}.Release|iPhone.ActiveCfg = Release|Any CPU
		{16B77DB9-FB20-49A4-8685-ACE367C91F03}.Release|iPhone.Build.0 = Release|Any CPU
		{16B77DB9-FB20-49A4-8685-ACE367C91F03}.Release|iPhone.Deploy.0 = Release|Any CPU
		{16B77DB9-FB20-49A4-8685-ACE367C91F03}.Release|iPhoneSimulator.ActiveCfg = Release|Any CPU
		{16B77DB9-FB20-49A4-8685-ACE367C91F03}.Release|iPhoneSimulator.Build.0 = Release|Any CPU
		{16B77DB9-FB20-49A4-8685-ACE367C91F03}.Release|iPhoneSimulator.Deploy.0 = Release|Any CPU
	EndGlobalSection
	GlobalSection(SolutionProperties) = preSolution
		HideSolutionNode = FALSE
	EndGlobalSection
	GlobalSection(ExtensibilityGlobals) = postSolution
		SolutionGuid = {4023F5E5-2AF8-4254-A5B2-313B2837DF08}
	EndGlobalSection
EndGlobal
